
Microsoft Visual Studio Solution File, Format Version 12.00
# Visual Studio Version 17
VisualStudioVersion = 17.5.33530.505
MinimumVisualStudioVersion = 10.0.40219.1
Project("{9A19103F-16F7-4668-BE54-9A1E7A4F7556}") = "OpenTK_WinForms_Template", "OpenTK_WinForms_Template.csproj", "{199C0682-30E9-4456-93F0-89B606631A92}"
EndProject
Global
	GlobalSection(SolutionConfigurationPlatforms) = preSolution
		Debug|Any CPU = Debug|Any CPU
		Release|Any CPU = Release|Any CPU
	EndGlobalSection
	GlobalSection(ProjectConfigurationPlatforms) = postSolution
		{199C0682-30E9-4456-93F0-89B606631A92}.Debug|Any CPU.ActiveCfg = Debug|Any CPU
		{199C0682-30E9-4456-93F0-89B606631A92}.Debug|Any CPU.Build.0 = Debug|Any CPU
		{199C0682-30E9-4456-93F0-89B606631A92}.Release|Any CPU.ActiveCfg = Release|Any CPU
		{199C0682-30E9-4456-93F0-89B606631A92}.Release|Any CPU.Build.0 = Release|Any CPU
	EndGlobalSection
	GlobalSection(SolutionProperties) = preSolution
		HideSolutionNode = FALSE
	EndGlobalSection
	GlobalSection(ExtensibilityGlobals) = postSolution
		SolutionGuid = {11120A0D-363A-4D4B-B40C-B09028345853}
	EndGlobalSection
EndGlobal
